// !$*UTF8*$!
{
	archiveVersion = 1;
	classes = {
	};
	objectVersion = 46;
	objects = {

/* Begin PBXBuildFile section */
		7B19D8C21ECDA64700F5036E /* filemanager.cpp in Sources */ = {isa = PBXBuildFile; fileRef = 7B19D8C01ECDA64700F5036E /* filemanager.cpp */; };
		7B6C73991ECDF1EA00243D2D /* instructions.cpp in Sources */ = {isa = PBXBuildFile; fileRef = 7B6C73971ECDF1EA00243D2D /* instructions.cpp */; };
		7B6C739B1ECE10C500243D2D /* keywordsutil.cpp in Sources */ = {isa = PBXBuildFile; fileRef = 7B6C739A1ECE10C500243D2D /* keywordsutil.cpp */; };
		7BDF6DBC1ECC931800A412F5 /* main.cpp in Sources */ = {isa = PBXBuildFile; fileRef = 7BDF6DBB1ECC931800A412F5 /* main.cpp */; };
		7BDF6DC71ECC959100A412F5 /* error.cpp in Sources */ = {isa = PBXBuildFile; fileRef = 7BDF6DC51ECC959100A412F5 /* error.cpp */; };
/* End PBXBuildFile section */

/* Begin PBXCopyFilesBuildPhase section */
		7BDF6DB61ECC931700A412F5 /* CopyFiles */ = {
			isa = PBXCopyFilesBuildPhase;
			buildActionMask = 2147483647;
			dstPath = /usr/share/man/man1/;
			dstSubfolderSpec = 0;
			files = (
			);
			runOnlyForDeploymentPostprocessing = 1;
		};
/* End PBXCopyFilesBuildPhase section */

/* Begin PBXFileReference section */
		7B19D8C01ECDA64700F5036E /* filemanager.cpp */ = {isa = PBXFileReference; fileEncoding = 4; lastKnownFileType = sourcecode.cpp.cpp; path = filemanager.cpp; sourceTree = "<group>"; };
		7B19D8C11ECDA64700F5036E /* filemanager.hpp */ = {isa = PBXFileReference; fileEncoding = 4; lastKnownFileType = sourcecode.cpp.h; path = filemanager.hpp; sourceTree = "<group>"; };
		7B19D8C31ECDA88A00F5036E /* inputline.h */ = {isa = PBXFileReference; lastKnownFileType = sourcecode.c.h; path = inputline.h; sourceTree = "<group>"; };
		7B19D8C41ECDB4AD00F5036E /* symboltable.h */ = {isa = PBXFileReference; lastKnownFileType = sourcecode.c.h; path = symboltable.h; sourceTree = "<group>"; };
		7B19D8C51ECDB8B300F5036E /* symboltableentry.h */ = {isa = PBXFileReference; lastKnownFileType = sourcecode.c.h; path = symboltableentry.h; sourceTree = "<group>"; };
		7B6C73961ECDC6C300243D2D /* keywordsutil.h */ = {isa = PBXFileReference; lastKnownFileType = sourcecode.c.h; path = keywordsutil.h; sourceTree = "<group>"; };
		7B6C73971ECDF1EA00243D2D /* instructions.cpp */ = {isa = PBXFileReference; fileEncoding = 4; lastKnownFileType = sourcecode.cpp.cpp; path = instructions.cpp; sourceTree = "<group>"; };
		7B6C73981ECDF1EA00243D2D /* instructions.h */ = {isa = PBXFileReference; fileEncoding = 4; lastKnownFileType = sourcecode.c.h; path = instructions.h; sourceTree = "<group>"; };
		7B6C739A1ECE10C500243D2D /* keywordsutil.cpp */ = {isa = PBXFileReference; fileEncoding = 4; lastKnownFileType = sourcecode.cpp.cpp; path = keywordsutil.cpp; sourceTree = "<group>"; };
		7BDF6DB81ECC931800A412F5 /* assembler */ = {isa = PBXFileReference; explicitFileType = "compiled.mach-o.executable"; includeInIndex = 0; path = assembler; sourceTree = BUILT_PRODUCTS_DIR; };
		7BDF6DBB1ECC931800A412F5 /* main.cpp */ = {isa = PBXFileReference; lastKnownFileType = sourcecode.cpp.cpp; path = main.cpp; sourceTree = "<group>"; };
		7BDF6DC51ECC959100A412F5 /* error.cpp */ = {isa = PBXFileReference; fileEncoding = 4; lastKnownFileType = sourcecode.cpp.cpp; path = error.cpp; sourceTree = "<group>"; };
		7BDF6DC61ECC959100A412F5 /* error.hpp */ = {isa = PBXFileReference; fileEncoding = 4; lastKnownFileType = sourcecode.cpp.h; path = error.hpp; sourceTree = "<group>"; };
/* End PBXFileReference section */

/* Begin PBXFrameworksBuildPhase section */
		7BDF6DB51ECC931700A412F5 /* Frameworks */ = {
			isa = PBXFrameworksBuildPhase;
			buildActionMask = 2147483647;
			files = (
			);
			runOnlyForDeploymentPostprocessing = 0;
		};
/* End PBXFrameworksBuildPhase section */

/* Begin PBXGroup section */
		7BDF6DAF1ECC931700A412F5 = {
			isa = PBXGroup;
			children = (
				7BDF6DBA1ECC931800A412F5 /* assembler */,
				7BDF6DB91ECC931800A412F5 /* Products */,
			);
			sourceTree = "<group>";
		};
		7BDF6DB91ECC931800A412F5 /* Products */ = {
			isa = PBXGroup;
			children = (
				7BDF6DB81ECC931800A412F5 /* assembler */,
			);
			name = Products;
			sourceTree = "<group>";
		};
		7BDF6DBA1ECC931800A412F5 /* assembler */ = {
			isa = PBXGroup;
			children = (
				7BDF6DBB1ECC931800A412F5 /* main.cpp */,
				7BDF6DC51ECC959100A412F5 /* error.cpp */,
				7BDF6DC61ECC959100A412F5 /* error.hpp */,
				7B19D8C01ECDA64700F5036E /* filemanager.cpp */,
				7B19D8C11ECDA64700F5036E /* filemanager.hpp */,
				7B19D8C31ECDA88A00F5036E /* inputline.h */,
				7B19D8C41ECDB4AD00F5036E /* symboltable.h */,
				7B19D8C51ECDB8B300F5036E /* symboltableentry.h */,
				7B6C73961ECDC6C300243D2D /* keywordsutil.h */,
				7B6C739A1ECE10C500243D2D /* keywordsutil.cpp */,
				7B6C73971ECDF1EA00243D2D /* instructions.cpp */,
				7B6C73981ECDF1EA00243D2D /* instructions.h */,
			);
			path = assembler;
			sourceTree = "<group>";
		};
/* End PBXGroup section */

/* Begin PBXNativeTarget section */
		7BDF6DB71ECC931700A412F5 /* assembler */ = {
			isa = PBXNativeTarget;
			buildConfigurationList = 7BDF6DBF1ECC931800A412F5 /* Build configuration list for PBXNativeTarget "assembler" */;
			buildPhases = (
				7BDF6DB41ECC931700A412F5 /* Sources */,
				7BDF6DB51ECC931700A412F5 /* Frameworks */,
				7BDF6DB61ECC931700A412F5 /* CopyFiles */,
			);
			buildRules = (
			);
			dependencies = (
			);
			name = assembler;
			productName = assembler;
			productReference = 7BDF6DB81ECC931800A412F5 /* assembler */;
			productType = "com.apple.product-type.tool";
		};
/* End PBXNativeTarget section */

/* Begin PBXProject section */
		7BDF6DB01ECC931700A412F5 /* Project object */ = {
			isa = PBXProject;
			attributes = {
				LastUpgradeCheck = 0830;
				ORGANIZATIONNAME = "Lazar Gopcevic";
				TargetAttributes = {
					7BDF6DB71ECC931700A412F5 = {
						CreatedOnToolsVersion = 8.3.2;
						DevelopmentTeam = 4ULLV4Q6C7;
						ProvisioningStyle = Automatic;
					};
				};
			};
			buildConfigurationList = 7BDF6DB31ECC931700A412F5 /* Build configuration list for PBXProject "assembler" */;
			compatibilityVersion = "Xcode 3.2";
			developmentRegion = English;
			hasScannedForEncodings = 0;
			knownRegions = (
				en,
			);
			mainGroup = 7BDF6DAF1ECC931700A412F5;
			productRefGroup = 7BDF6DB91ECC931800A412F5 /* Products */;
			projectDirPath = "";
			projectRoot = "";
			targets = (
				7BDF6DB71ECC931700A412F5 /* assembler */,
			);
		};
/* End PBXProject section */

/* Begin PBXSourcesBuildPhase section */
		7BDF6DB41ECC931700A412F5 /* Sources */ = {
			isa = PBXSourcesBuildPhase;
			buildActionMask = 2147483647;
			files = (
				7BDF6DC71ECC959100A412F5 /* error.cpp in Sources */,
				7B19D8C21ECDA64700F5036E /* filemanager.cpp in Sources */,
				7B6C73991ECDF1EA00243D2D /* instructions.cpp in Sources */,
				7B6C739B1ECE10C500243D2D /* keywordsutil.cpp in Sources */,
				7BDF6DBC1ECC931800A412F5 /* main.cpp in Sources */,
			);
			runOnlyForDeploymentPostprocessing = 0;
		};
/* End PBXSourcesBuildPhase section */

/* Begin XCBuildConfiguration section */
		7BDF6DBD1ECC931800A412F5 /* Debug */ = {
			isa = XCBuildConfiguration;
			buildSettings = {
				ALWAYS_SEARCH_USER_PATHS = NO;
				CLANG_ANALYZER_NONNULL = YES;
				CLANG_ANALYZER_NUMBER_OBJECT_CONVERSION = YES_AGGRESSIVE;
				CLANG_CXX_LANGUAGE_STANDARD = "gnu++0x";
				CLANG_CXX_LIBRARY = "libc++";
				CLANG_ENABLE_MODULES = YES;
				CLANG_ENABLE_OBJC_ARC = YES;
				CLANG_WARN_BOOL_CONVERSION = YES;
				CLANG_WARN_CONSTANT_CONVERSION = YES;
				CLANG_WARN_DIRECT_OBJC_ISA_USAGE = YES_ERROR;
				CLANG_WARN_DOCUMENTATION_COMMENTS = YES;
				CLANG_WARN_EMPTY_BODY = YES;
				CLANG_WARN_ENUM_CONVERSION = YES;
				CLANG_WARN_INFINITE_RECURSION = YES;
				CLANG_WARN_INT_CONVERSION = YES;
				CLANG_WARN_OBJC_ROOT_CLASS = YES_ERROR;
				CLANG_WARN_SUSPICIOUS_MOVE = YES;
				CLANG_WARN_UNREACHABLE_CODE = YES;
				CLANG_WARN__DUPLICATE_METHOD_MATCH = YES;
				CODE_SIGN_IDENTITY = "-";
				COPY_PHASE_STRIP = NO;
				DEBUG_INFORMATION_FORMAT = dwarf;
				ENABLE_STRICT_OBJC_MSGSEND = YES;
				ENABLE_TESTABILITY = YES;
				GCC_C_LANGUAGE_STANDARD = gnu99;
				GCC_DYNAMIC_NO_PIC = NO;
				GCC_NO_COMMON_BLOCKS = YES;
				GCC_OPTIMIZATION_LEVEL = 0;
				GCC_PREPROCESSOR_DEFINITIONS = (
					"DEBUG=1",
					"$(inherited)",
				);
				GCC_WARN_64_TO_32_BIT_CONVERSION = YES;
				GCC_WARN_ABOUT_RETURN_TYPE = YES_ERROR;
				GCC_WARN_UNDECLARED_SELECTOR = YES;
				GCC_WARN_UNINITIALIZED_AUTOS = YES_AGGRESSIVE;
				GCC_WARN_UNUSED_FUNCTION = YES;
				GCC_WARN_UNUSED_VARIABLE = YES;
				MACOSX_DEPLOYMENT_TARGET = 10.12;
				MTL_ENABLE_DEBUG_INFO = YES;
				ONLY_ACTIVE_ARCH = YES;
				SDKROOT = macosx;
			};
			name = Debug;
		};
		7BDF6DBE1ECC931800A412F5 /* Release */ = {
			isa = XCBuildConfiguration;
			buildSettings = {
				ALWAYS_SEARCH_USER_PATHS = NO;
				CLANG_ANALYZER_NONNULL = YES;
				CLANG_ANALYZER_NUMBER_OBJECT_CONVERSION = YES_AGGRESSIVE;
				CLANG_CXX_LANGUAGE_STANDARD = "gnu++0x";
				CLANG_CXX_LIBRARY = "libc++";
				CLANG_ENABLE_MODULES = YES;
				CLANG_ENABLE_OBJC_ARC = YES;
				CLANG_WARN_BOOL_CONVERSION = YES;
				CLANG_WARN_CONSTANT_CONVERSION = YES;
				CLANG_WARN_DIRECT_OBJC_ISA_USAGE = YES_ERROR;
				CLANG_WARN_DOCUMENTATION_COMMENTS = YES;
				CLANG_WARN_EMPTY_BODY = YES;
				CLANG_WARN_ENUM_CONVERSION = YES;
				CLANG_WARN_INFINITE_RECURSION = YES;
				CLANG_WARN_INT_CONVERSION = YES;
				CLANG_WARN_OBJC_ROOT_CLASS = YES_ERROR;
				CLANG_WARN_SUSPICIOUS_MOVE = YES;
				CLANG_WARN_UNREACHABLE_CODE = YES;
				CLANG_WARN__DUPLICATE_METHOD_MATCH = YES;
				CODE_SIGN_IDENTITY = "-";
				COPY_PHASE_STRIP = NO;
				DEBUG_INFORMATION_FORMAT = "dwarf-with-dsym";
				ENABLE_NS_ASSERTIONS = NO;
				ENABLE_STRICT_OBJC_MSGSEND = YES;
				GCC_C_LANGUAGE_STANDARD = gnu99;
				GCC_NO_COMMON_BLOCKS = YES;
				GCC_WARN_64_TO_32_BIT_CONVERSION = YES;
				GCC_WARN_ABOUT_RETURN_TYPE = YES_ERROR;
				GCC_WARN_UNDECLARED_SELECTOR = YES;
				GCC_WARN_UNINITIALIZED_AUTOS = YES_AGGRESSIVE;
				GCC_WARN_UNUSED_FUNCTION = YES;
				GCC_WARN_UNUSED_VARIABLE = YES;
				MACOSX_DEPLOYMENT_TARGET = 10.12;
				MTL_ENABLE_DEBUG_INFO = NO;
				SDKROOT = macosx;
			};
			name = Release;
		};
		7BDF6DC01ECC931800A412F5 /* Debug */ = {
			isa = XCBuildConfiguration;
			buildSettings = {
				DEVELOPMENT_TEAM = 4ULLV4Q6C7;
				PRODUCT_NAME = "$(TARGET_NAME)";
			};
			name = Debug;
		};
		7BDF6DC11ECC931800A412F5 /* Release */ = {
			isa = XCBuildConfiguration;
			buildSettings = {
				DEVELOPMENT_TEAM = 4ULLV4Q6C7;
				PRODUCT_NAME = "$(TARGET_NAME)";
			};
			name = Release;
		};
/* End XCBuildConfiguration section */

/* Begin XCConfigurationList section */
		7BDF6DB31ECC931700A412F5 /* Build configuration list for PBXProject "assembler" */ = {
			isa = XCConfigurationList;
			buildConfigurations = (
				7BDF6DBD1ECC931800A412F5 /* Debug */,
				7BDF6DBE1ECC931800A412F5 /* Release */,
			);
			defaultConfigurationIsVisible = 0;
			defaultConfigurationName = Release;
		};
		7BDF6DBF1ECC931800A412F5 /* Build configuration list for PBXNativeTarget "assembler" */ = {
			isa = XCConfigurationList;
			buildConfigurations = (
				7BDF6DC01ECC931800A412F5 /* Debug */,
				7BDF6DC11ECC931800A412F5 /* Release */,
			);
			defaultConfigurationIsVisible = 0;
			defaultConfigurationName = Release;
		};
/* End XCConfigurationList section */
	};
	rootObject = 7BDF6DB01ECC931700A412F5 /* Project object */;
}
